// !$*UTF8*$!
{
	archiveVersion = 1;
	classes = {
	};
	objectVersion = 56;
	objects = {

/* Begin PBXBuildFile section */
		A1AE142C2C2934A6007761E3 /* Loan_Management_SwiftApp.swift in Sources */ = {isa = PBXBuildFile; fileRef = A1AE142B2C2934A6007761E3 /* Loan_Management_SwiftApp.swift */; };
		A1AE142E2C2934A6007761E3 /* LoanListView.swift in Sources */ = {isa = PBXBuildFile; fileRef = A1AE142D2C2934A6007761E3 /* LoanListView.swift */; };
		A1AE14302C2934A8007761E3 /* Assets.xcassets in Resources */ = {isa = PBXBuildFile; fileRef = A1AE142F2C2934A8007761E3 /* Assets.xcassets */; };
		A1AE14332C2934A8007761E3 /* Preview Assets.xcassets in Resources */ = {isa = PBXBuildFile; fileRef = A1AE14322C2934A8007761E3 /* Preview Assets.xcassets */; };
		A1AE143B2C29354E007761E3 /* Router.swift in Sources */ = {isa = PBXBuildFile; fileRef = A1AE143A2C29354E007761E3 /* Router.swift */; };
		A1AE14402C293673007761E3 /* DetailView.swift in Sources */ = {isa = PBXBuildFile; fileRef = A1AE143F2C293673007761E3 /* DetailView.swift */; };
		A1AE14422C293688007761E3 /* DocumentView.swift in Sources */ = {isa = PBXBuildFile; fileRef = A1AE14412C293688007761E3 /* DocumentView.swift */; };
		A1AE14442C2936D9007761E3 /* LoanResponse.swift in Sources */ = {isa = PBXBuildFile; fileRef = A1AE14432C2936D9007761E3 /* LoanResponse.swift */; };
		A1AE14462C2936EF007761E3 /* BorrowerResponse.swift in Sources */ = {isa = PBXBuildFile; fileRef = A1AE14452C2936EF007761E3 /* BorrowerResponse.swift */; };
		A1AE14482C2936FA007761E3 /* CollateralResponse.swift in Sources */ = {isa = PBXBuildFile; fileRef = A1AE14472C2936FA007761E3 /* CollateralResponse.swift */; };
		A1AE144A2C293705007761E3 /* DocumentResponse.swift in Sources */ = {isa = PBXBuildFile; fileRef = A1AE14492C293705007761E3 /* DocumentResponse.swift */; };
		A1AE144C2C293713007761E3 /* RepaymentScheduleResponse.swift in Sources */ = {isa = PBXBuildFile; fileRef = A1AE144B2C293713007761E3 /* RepaymentScheduleResponse.swift */; };
		A1AE14522C293C3F007761E3 /* LMLoanCard.swift in Sources */ = {isa = PBXBuildFile; fileRef = A1AE14512C293C3F007761E3 /* LMLoanCard.swift */; };
		A1AE14582C293D99007761E3 /* LMTitleLabel.swift in Sources */ = {isa = PBXBuildFile; fileRef = A1AE14572C293D99007761E3 /* LMTitleLabel.swift */; };
		A1AE145A2C294082007761E3 /* LMBodyLabel.swift in Sources */ = {isa = PBXBuildFile; fileRef = A1AE14592C294082007761E3 /* LMBodyLabel.swift */; };
		A1AE145C2C294367007761E3 /* LMCalloutLabel.swift in Sources */ = {isa = PBXBuildFile; fileRef = A1AE145B2C294367007761E3 /* LMCalloutLabel.swift */; };
		A1AE145F2C2943DB007761E3 /* NetworkManager.swift in Sources */ = {isa = PBXBuildFile; fileRef = A1AE145E2C2943DB007761E3 /* NetworkManager.swift */; };
		A1AE14632C294401007761E3 /* LMError.swift in Sources */ = {isa = PBXBuildFile; fileRef = A1AE14622C294401007761E3 /* LMError.swift */; };
		A1AE14652C294863007761E3 /* LoanListViewModel.swift in Sources */ = {isa = PBXBuildFile; fileRef = A1AE14642C294863007761E3 /* LoanListViewModel.swift */; };
		A1AE146A2C295559007761E3 /* Loan.swift in Sources */ = {isa = PBXBuildFile; fileRef = A1AE14692C295559007761E3 /* Loan.swift */; };
		A1AE146C2C2955BE007761E3 /* Borrower.swift in Sources */ = {isa = PBXBuildFile; fileRef = A1AE146B2C2955BE007761E3 /* Borrower.swift */; };
		A1AE146E2C2955CC007761E3 /* Collateral.swift in Sources */ = {isa = PBXBuildFile; fileRef = A1AE146D2C2955CC007761E3 /* Collateral.swift */; };
		A1AE14702C29561B007761E3 /* Document.swift in Sources */ = {isa = PBXBuildFile; fileRef = A1AE146F2C29561B007761E3 /* Document.swift */; };
		A1AE14722C295636007761E3 /* RepaymentSchedule.swift in Sources */ = {isa = PBXBuildFile; fileRef = A1AE14712C295636007761E3 /* RepaymentSchedule.swift */; };
		A1AE14752C29568B007761E3 /* Mapper.swift in Sources */ = {isa = PBXBuildFile; fileRef = A1AE14742C29568B007761E3 /* Mapper.swift */; };
		A1AE14782C295BFE007761E3 /* String+Ext.swift in Sources */ = {isa = PBXBuildFile; fileRef = A1AE14772C295BFE007761E3 /* String+Ext.swift */; };
		A1AE147A2C295DF1007761E3 /* LMRepaymentCard.swift in Sources */ = {isa = PBXBuildFile; fileRef = A1AE14792C295DF1007761E3 /* LMRepaymentCard.swift */; };
		A1AE147C2C299298007761E3 /* LMDocumentCard.swift in Sources */ = {isa = PBXBuildFile; fileRef = A1AE147B2C299298007761E3 /* LMDocumentCard.swift */; };
		A1AE14802C29A7BB007761E3 /* Endpoints.swift in Sources */ = {isa = PBXBuildFile; fileRef = A1AE147F2C29A7BB007761E3 /* Endpoints.swift */; };
/* End PBXBuildFile section */

/* Begin PBXFileReference section */
		A1AE14282C2934A6007761E3 /* Loan Management Swift.app */ = {isa = PBXFileReference; explicitFileType = wrapper.application; includeInIndex = 0; path = "Loan Management Swift.app"; sourceTree = BUILT_PRODUCTS_DIR; };
		A1AE142B2C2934A6007761E3 /* Loan_Management_SwiftApp.swift */ = {isa = PBXFileReference; lastKnownFileType = sourcecode.swift; path = Loan_Management_SwiftApp.swift; sourceTree = "<group>"; };
		A1AE142D2C2934A6007761E3 /* LoanListView.swift */ = {isa = PBXFileReference; lastKnownFileType = sourcecode.swift; path = LoanListView.swift; sourceTree = "<group>"; };
		A1AE142F2C2934A8007761E3 /* Assets.xcassets */ = {isa = PBXFileReference; lastKnownFileType = folder.assetcatalog; path = Assets.xcassets; sourceTree = "<group>"; };
		A1AE14322C2934A8007761E3 /* Preview Assets.xcassets */ = {isa = PBXFileReference; lastKnownFileType = folder.assetcatalog; path = "Preview Assets.xcassets"; sourceTree = "<group>"; };
		A1AE143A2C29354E007761E3 /* Router.swift */ = {isa = PBXFileReference; lastKnownFileType = sourcecode.swift; path = Router.swift; sourceTree = "<group>"; };
		A1AE143F2C293673007761E3 /* DetailView.swift */ = {isa = PBXFileReference; lastKnownFileType = sourcecode.swift; path = DetailView.swift; sourceTree = "<group>"; };
		A1AE14412C293688007761E3 /* DocumentView.swift */ = {isa = PBXFileReference; lastKnownFileType = sourcecode.swift; path = DocumentView.swift; sourceTree = "<group>"; };
		A1AE14432C2936D9007761E3 /* LoanResponse.swift */ = {isa = PBXFileReference; lastKnownFileType = sourcecode.swift; path = LoanResponse.swift; sourceTree = "<group>"; };
		A1AE14452C2936EF007761E3 /* BorrowerResponse.swift */ = {isa = PBXFileReference; lastKnownFileType = sourcecode.swift; path = BorrowerResponse.swift; sourceTree = "<group>"; };
		A1AE14472C2936FA007761E3 /* CollateralResponse.swift */ = {isa = PBXFileReference; lastKnownFileType = sourcecode.swift; path = CollateralResponse.swift; sourceTree = "<group>"; };
		A1AE14492C293705007761E3 /* DocumentResponse.swift */ = {isa = PBXFileReference; lastKnownFileType = sourcecode.swift; path = DocumentResponse.swift; sourceTree = "<group>"; };
		A1AE144B2C293713007761E3 /* RepaymentScheduleResponse.swift */ = {isa = PBXFileReference; lastKnownFileType = sourcecode.swift; path = RepaymentScheduleResponse.swift; sourceTree = "<group>"; };
		A1AE14512C293C3F007761E3 /* LMLoanCard.swift */ = {isa = PBXFileReference; lastKnownFileType = sourcecode.swift; path = LMLoanCard.swift; sourceTree = "<group>"; };
		A1AE14572C293D99007761E3 /* LMTitleLabel.swift */ = {isa = PBXFileReference; lastKnownFileType = sourcecode.swift; path = LMTitleLabel.swift; sourceTree = "<group>"; };
		A1AE14592C294082007761E3 /* LMBodyLabel.swift */ = {isa = PBXFileReference; lastKnownFileType = sourcecode.swift; path = LMBodyLabel.swift; sourceTree = "<group>"; };
		A1AE145B2C294367007761E3 /* LMCalloutLabel.swift */ = {isa = PBXFileReference; lastKnownFileType = sourcecode.swift; path = LMCalloutLabel.swift; sourceTree = "<group>"; };
		A1AE145E2C2943DB007761E3 /* NetworkManager.swift */ = {isa = PBXFileReference; lastKnownFileType = sourcecode.swift; path = NetworkManager.swift; sourceTree = "<group>"; };
		A1AE14622C294401007761E3 /* LMError.swift */ = {isa = PBXFileReference; lastKnownFileType = sourcecode.swift; path = LMError.swift; sourceTree = "<group>"; };
		A1AE14642C294863007761E3 /* LoanListViewModel.swift */ = {isa = PBXFileReference; lastKnownFileType = sourcecode.swift; path = LoanListViewModel.swift; sourceTree = "<group>"; };
		A1AE14692C295559007761E3 /* Loan.swift */ = {isa = PBXFileReference; lastKnownFileType = sourcecode.swift; path = Loan.swift; sourceTree = "<group>"; };
		A1AE146B2C2955BE007761E3 /* Borrower.swift */ = {isa = PBXFileReference; lastKnownFileType = sourcecode.swift; path = Borrower.swift; sourceTree = "<group>"; };
		A1AE146D2C2955CC007761E3 /* Collateral.swift */ = {isa = PBXFileReference; lastKnownFileType = sourcecode.swift; path = Collateral.swift; sourceTree = "<group>"; };
		A1AE146F2C29561B007761E3 /* Document.swift */ = {isa = PBXFileReference; lastKnownFileType = sourcecode.swift; path = Document.swift; sourceTree = "<group>"; };
		A1AE14712C295636007761E3 /* RepaymentSchedule.swift */ = {isa = PBXFileReference; lastKnownFileType = sourcecode.swift; path = RepaymentSchedule.swift; sourceTree = "<group>"; };
		A1AE14742C29568B007761E3 /* Mapper.swift */ = {isa = PBXFileReference; lastKnownFileType = sourcecode.swift; path = Mapper.swift; sourceTree = "<group>"; };
		A1AE14772C295BFE007761E3 /* String+Ext.swift */ = {isa = PBXFileReference; lastKnownFileType = sourcecode.swift; path = "String+Ext.swift"; sourceTree = "<group>"; };
		A1AE14792C295DF1007761E3 /* LMRepaymentCard.swift */ = {isa = PBXFileReference; lastKnownFileType = sourcecode.swift; path = LMRepaymentCard.swift; sourceTree = "<group>"; };
		A1AE147B2C299298007761E3 /* LMDocumentCard.swift */ = {isa = PBXFileReference; lastKnownFileType = sourcecode.swift; path = LMDocumentCard.swift; sourceTree = "<group>"; };
		A1AE147F2C29A7BB007761E3 /* Endpoints.swift */ = {isa = PBXFileReference; lastKnownFileType = sourcecode.swift; path = Endpoints.swift; sourceTree = "<group>"; };
/* End PBXFileReference section */

/* Begin PBXFrameworksBuildPhase section */
		A1AE14252C2934A6007761E3 /* Frameworks */ = {
			isa = PBXFrameworksBuildPhase;
			buildActionMask = 2147483647;
			files = (
			);
			runOnlyForDeploymentPostprocessing = 0;
		};
/* End PBXFrameworksBuildPhase section */

/* Begin PBXGroup section */
		A1AE141F2C2934A6007761E3 = {
			isa = PBXGroup;
			children = (
				A1AE142A2C2934A6007761E3 /* Loan Management Swift */,
				A1AE14292C2934A6007761E3 /* Products */,
			);
			sourceTree = "<group>";
		};
		A1AE14292C2934A6007761E3 /* Products */ = {
			isa = PBXGroup;
			children = (
				A1AE14282C2934A6007761E3 /* Loan Management Swift.app */,
			);
			name = Products;
			sourceTree = "<group>";
		};
		A1AE142A2C2934A6007761E3 /* Loan Management Swift */ = {
			isa = PBXGroup;
			children = (
				A1AE14852C29BFB4007761E3 /* Supports */,
				A1AE14602C2943F3007761E3 /* Utilities */,
				A1AE145D2C2943D3007761E3 /* Manager */,
				A1AE144F2C29383B007761E3 /* App */,
				A1AE143E2C293594007761E3 /* ViewModel */,
				A1AE143D2C293591007761E3 /* View */,
				A1AE143C2C29358E007761E3 /* Model */,
				A1AE14392C293544007761E3 /* Navigation */,
				A1AE14312C2934A8007761E3 /* Preview Content */,
			);
			path = "Loan Management Swift";
			sourceTree = "<group>";
		};
		A1AE14312C2934A8007761E3 /* Preview Content */ = {
			isa = PBXGroup;
			children = (
				A1AE14322C2934A8007761E3 /* Preview Assets.xcassets */,
			);
			path = "Preview Content";
			sourceTree = "<group>";
		};
		A1AE14392C293544007761E3 /* Navigation */ = {
			isa = PBXGroup;
			children = (
				A1AE143A2C29354E007761E3 /* Router.swift */,
			);
			path = Navigation;
			sourceTree = "<group>";
		};
		A1AE143C2C29358E007761E3 /* Model */ = {
			isa = PBXGroup;
			children = (
				A1AE14682C295504007761E3 /* Models */,
				A1AE14672C2954FE007761E3 /* Response */,
			);
			path = Model;
			sourceTree = "<group>";
		};
		A1AE143D2C293591007761E3 /* View */ = {
			isa = PBXGroup;
			children = (
				A1AE14502C2938E5007761E3 /* Components */,
				A1AE142D2C2934A6007761E3 /* LoanListView.swift */,
				A1AE143F2C293673007761E3 /* DetailView.swift */,
				A1AE14412C293688007761E3 /* DocumentView.swift */,
			);
			path = View;
			sourceTree = "<group>";
		};
		A1AE143E2C293594007761E3 /* ViewModel */ = {
			isa = PBXGroup;
			children = (
				A1AE14642C294863007761E3 /* LoanListViewModel.swift */,
			);
			path = ViewModel;
			sourceTree = "<group>";
		};
		A1AE144F2C29383B007761E3 /* App */ = {
			isa = PBXGroup;
			children = (
				A1AE142B2C2934A6007761E3 /* Loan_Management_SwiftApp.swift */,
			);
			path = App;
			sourceTree = "<group>";
		};
		A1AE14502C2938E5007761E3 /* Components */ = {
			isa = PBXGroup;
			children = (
				A1AE14512C293C3F007761E3 /* LMLoanCard.swift */,
				A1AE14572C293D99007761E3 /* LMTitleLabel.swift */,
				A1AE14592C294082007761E3 /* LMBodyLabel.swift */,
				A1AE145B2C294367007761E3 /* LMCalloutLabel.swift */,
				A1AE14792C295DF1007761E3 /* LMRepaymentCard.swift */,
				A1AE147B2C299298007761E3 /* LMDocumentCard.swift */,
			);
			path = Components;
			sourceTree = "<group>";
		};
		A1AE145D2C2943D3007761E3 /* Manager */ = {
			isa = PBXGroup;
			children = (
				A1AE145E2C2943DB007761E3 /* NetworkManager.swift */,
			);
			path = Manager;
			sourceTree = "<group>";
		};
		A1AE14602C2943F3007761E3 /* Utilities */ = {
			isa = PBXGroup;
			children = (
				A1AE14762C295BF4007761E3 /* Extensions */,
				A1AE14732C295669007761E3 /* Mapper */,
				A1AE14612C2943F9007761E3 /* Enum */,
			);
			path = Utilities;
			sourceTree = "<group>";
		};
		A1AE14612C2943F9007761E3 /* Enum */ = {
			isa = PBXGroup;
			children = (
				A1AE147F2C29A7BB007761E3 /* Endpoints.swift */,
				A1AE14622C294401007761E3 /* LMError.swift */,
			);
			path = Enum;
			sourceTree = "<group>";
		};
		A1AE14672C2954FE007761E3 /* Response */ = {
			isa = PBXGroup;
			children = (
				A1AE14432C2936D9007761E3 /* LoanResponse.swift */,
				A1AE14452C2936EF007761E3 /* BorrowerResponse.swift */,
				A1AE14472C2936FA007761E3 /* CollateralResponse.swift */,
				A1AE14492C293705007761E3 /* DocumentResponse.swift */,
				A1AE144B2C293713007761E3 /* RepaymentScheduleResponse.swift */,
			);
			path = Response;
			sourceTree = "<group>";
		};
		A1AE14682C295504007761E3 /* Models */ = {
			isa = PBXGroup;
			children = (
				A1AE14692C295559007761E3 /* Loan.swift */,
				A1AE146B2C2955BE007761E3 /* Borrower.swift */,
				A1AE146D2C2955CC007761E3 /* Collateral.swift */,
				A1AE146F2C29561B007761E3 /* Document.swift */,
				A1AE14712C295636007761E3 /* RepaymentSchedule.swift */,
			);
			path = Models;
			sourceTree = "<group>";
		};
		A1AE14732C295669007761E3 /* Mapper */ = {
			isa = PBXGroup;
			children = (
				A1AE14742C29568B007761E3 /* Mapper.swift */,
			);
			path = Mapper;
			sourceTree = "<group>";
		};
		A1AE14762C295BF4007761E3 /* Extensions */ = {
			isa = PBXGroup;
			children = (
				A1AE14772C295BFE007761E3 /* String+Ext.swift */,
			);
			path = Extensions;
			sourceTree = "<group>";
		};
		A1AE14852C29BFB4007761E3 /* Supports */ = {
			isa = PBXGroup;
			children = (
				A1AE142F2C2934A8007761E3 /* Assets.xcassets */,
			);
			path = Supports;
			sourceTree = "<group>";
		};
/* End PBXGroup section */

/* Begin PBXNativeTarget section */
		A1AE14272C2934A6007761E3 /* Loan Management Swift */ = {
			isa = PBXNativeTarget;
			buildConfigurationList = A1AE14362C2934A8007761E3 /* Build configuration list for PBXNativeTarget "Loan Management Swift" */;
			buildPhases = (
				A1AE14242C2934A6007761E3 /* Sources */,
				A1AE14252C2934A6007761E3 /* Frameworks */,
				A1AE14262C2934A6007761E3 /* Resources */,
			);
			buildRules = (
			);
			dependencies = (
			);
			name = "Loan Management Swift";
			productName = "Loan Management Swift";
			productReference = A1AE14282C2934A6007761E3 /* Loan Management Swift.app */;
			productType = "com.apple.product-type.application";
		};
/* End PBXNativeTarget section */

/* Begin PBXProject section */
		A1AE14202C2934A6007761E3 /* Project object */ = {
			isa = PBXProject;
			attributes = {
				BuildIndependentTargetsInParallel = 1;
				LastSwiftUpdateCheck = 1500;
				LastUpgradeCheck = 1500;
				TargetAttributes = {
					A1AE14272C2934A6007761E3 = {
						CreatedOnToolsVersion = 15.0.1;
					};
				};
			};
			buildConfigurationList = A1AE14232C2934A6007761E3 /* Build configuration list for PBXProject "Loan Management Swift" */;
			compatibilityVersion = "Xcode 14.0";
			developmentRegion = en;
			hasScannedForEncodings = 0;
			knownRegions = (
				en,
				Base,
			);
			mainGroup = A1AE141F2C2934A6007761E3;
			productRefGroup = A1AE14292C2934A6007761E3 /* Products */;
			projectDirPath = "";
			projectRoot = "";
			targets = (
				A1AE14272C2934A6007761E3 /* Loan Management Swift */,
			);
		};
/* End PBXProject section */

/* Begin PBXResourcesBuildPhase section */
		A1AE14262C2934A6007761E3 /* Resources */ = {
			isa = PBXResourcesBuildPhase;
			buildActionMask = 2147483647;
			files = (
				A1AE14332C2934A8007761E3 /* Preview Assets.xcassets in Resources */,
				A1AE14302C2934A8007761E3 /* Assets.xcassets in Resources */,
			);
			runOnlyForDeploymentPostprocessing = 0;
		};
/* End PBXResourcesBuildPhase section */

/* Begin PBXSourcesBuildPhase section */
		A1AE14242C2934A6007761E3 /* Sources */ = {
			isa = PBXSourcesBuildPhase;
			buildActionMask = 2147483647;
			files = (
				A1AE14582C293D99007761E3 /* LMTitleLabel.swift in Sources */,
				A1AE142E2C2934A6007761E3 /* LoanListView.swift in Sources */,
				A1AE146E2C2955CC007761E3 /* Collateral.swift in Sources */,
				A1AE146C2C2955BE007761E3 /* Borrower.swift in Sources */,
				A1AE14652C294863007761E3 /* LoanListViewModel.swift in Sources */,
				A1AE14702C29561B007761E3 /* Document.swift in Sources */,
				A1AE14782C295BFE007761E3 /* String+Ext.swift in Sources */,
				A1AE14442C2936D9007761E3 /* LoanResponse.swift in Sources */,
				A1AE144C2C293713007761E3 /* RepaymentScheduleResponse.swift in Sources */,
				A1AE147C2C299298007761E3 /* LMDocumentCard.swift in Sources */,
				A1AE14522C293C3F007761E3 /* LMLoanCard.swift in Sources */,
				A1AE14402C293673007761E3 /* DetailView.swift in Sources */,
				A1AE145A2C294082007761E3 /* LMBodyLabel.swift in Sources */,
				A1AE147A2C295DF1007761E3 /* LMRepaymentCard.swift in Sources */,
				A1AE143B2C29354E007761E3 /* Router.swift in Sources */,
				A1AE142C2C2934A6007761E3 /* Loan_Management_SwiftApp.swift in Sources */,
				A1AE14802C29A7BB007761E3 /* Endpoints.swift in Sources */,
				A1AE144A2C293705007761E3 /* DocumentResponse.swift in Sources */,
				A1AE145C2C294367007761E3 /* LMCalloutLabel.swift in Sources */,
				A1AE14632C294401007761E3 /* LMError.swift in Sources */,
				A1AE14722C295636007761E3 /* RepaymentSchedule.swift in Sources */,
				A1AE14752C29568B007761E3 /* Mapper.swift in Sources */,
				A1AE146A2C295559007761E3 /* Loan.swift in Sources */,
				A1AE14422C293688007761E3 /* DocumentView.swift in Sources */,
				A1AE145F2C2943DB007761E3 /* NetworkManager.swift in Sources */,
				A1AE14482C2936FA007761E3 /* CollateralResponse.swift in Sources */,
				A1AE14462C2936EF007761E3 /* BorrowerResponse.swift in Sources */,
			);
			runOnlyForDeploymentPostprocessing = 0;
		};
/* End PBXSourcesBuildPhase section */

/* Begin XCBuildConfiguration section */
		A1AE14342C2934A8007761E3 /* Debug */ = {
			isa = XCBuildConfiguration;
			buildSettings = {
				ALWAYS_SEARCH_USER_PATHS = NO;
				ASSETCATALOG_COMPILER_GENERATE_SWIFT_ASSET_SYMBOL_EXTENSIONS = YES;
				CLANG_ANALYZER_NONNULL = YES;
				CLANG_ANALYZER_NUMBER_OBJECT_CONVERSION = YES_AGGRESSIVE;
				CLANG_CXX_LANGUAGE_STANDARD = "gnu++20";
				CLANG_ENABLE_MODULES = YES;
				CLANG_ENABLE_OBJC_ARC = YES;
				CLANG_ENABLE_OBJC_WEAK = YES;
				CLANG_WARN_BLOCK_CAPTURE_AUTORELEASING = YES;
				CLANG_WARN_BOOL_CONVERSION = YES;
				CLANG_WARN_COMMA = YES;
				CLANG_WARN_CONSTANT_CONVERSION = YES;
				CLANG_WARN_DEPRECATED_OBJC_IMPLEMENTATIONS = YES;
				CLANG_WARN_DIRECT_OBJC_ISA_USAGE = YES_ERROR;
				CLANG_WARN_DOCUMENTATION_COMMENTS = YES;
				CLANG_WARN_EMPTY_BODY = YES;
				CLANG_WARN_ENUM_CONVERSION = YES;
				CLANG_WARN_INFINITE_RECURSION = YES;
				CLANG_WARN_INT_CONVERSION = YES;
				CLANG_WARN_NON_LITERAL_NULL_CONVERSION = YES;
				CLANG_WARN_OBJC_IMPLICIT_RETAIN_SELF = YES;
				CLANG_WARN_OBJC_LITERAL_CONVERSION = YES;
				CLANG_WARN_OBJC_ROOT_CLASS = YES_ERROR;
				CLANG_WARN_QUOTED_INCLUDE_IN_FRAMEWORK_HEADER = YES;
				CLANG_WARN_RANGE_LOOP_ANALYSIS = YES;
				CLANG_WARN_STRICT_PROTOTYPES = YES;
				CLANG_WARN_SUSPICIOUS_MOVE = YES;
				CLANG_WARN_UNGUARDED_AVAILABILITY = YES_AGGRESSIVE;
				CLANG_WARN_UNREACHABLE_CODE = YES;
				CLANG_WARN__DUPLICATE_METHOD_MATCH = YES;
				COPY_PHASE_STRIP = NO;
				DEBUG_INFORMATION_FORMAT = dwarf;
				ENABLE_STRICT_OBJC_MSGSEND = YES;
				ENABLE_TESTABILITY = YES;
				ENABLE_USER_SCRIPT_SANDBOXING = YES;
				GCC_C_LANGUAGE_STANDARD = gnu17;
				GCC_DYNAMIC_NO_PIC = NO;
				GCC_NO_COMMON_BLOCKS = YES;
				GCC_OPTIMIZATION_LEVEL = 0;
				GCC_PREPROCESSOR_DEFINITIONS = (
					"DEBUG=1",
					"$(inherited)",
				);
				GCC_WARN_64_TO_32_BIT_CONVERSION = YES;
				GCC_WARN_ABOUT_RETURN_TYPE = YES_ERROR;
				GCC_WARN_UNDECLARED_SELECTOR = YES;
				GCC_WARN_UNINITIALIZED_AUTOS = YES_AGGRESSIVE;
				GCC_WARN_UNUSED_FUNCTION = YES;
				GCC_WARN_UNUSED_VARIABLE = YES;
				IPHONEOS_DEPLOYMENT_TARGET = 17.0;
				LOCALIZATION_PREFERS_STRING_CATALOGS = YES;
				MTL_ENABLE_DEBUG_INFO = INCLUDE_SOURCE;
				MTL_FAST_MATH = YES;
				ONLY_ACTIVE_ARCH = YES;
				SDKROOT = iphoneos;
				SWIFT_ACTIVE_COMPILATION_CONDITIONS = "DEBUG $(inherited)";
				SWIFT_OPTIMIZATION_LEVEL = "-Onone";
			};
			name = Debug;
		};
		A1AE14352C2934A8007761E3 /* Release */ = {
			isa = XCBuildConfiguration;
			buildSettings = {
				ALWAYS_SEARCH_USER_PATHS = NO;
				ASSETCATALOG_COMPILER_GENERATE_SWIFT_ASSET_SYMBOL_EXTENSIONS = YES;
				CLANG_ANALYZER_NONNULL = YES;
				CLANG_ANALYZER_NUMBER_OBJECT_CONVERSION = YES_AGGRESSIVE;
				CLANG_CXX_LANGUAGE_STANDARD = "gnu++20";
				CLANG_ENABLE_MODULES = YES;
				CLANG_ENABLE_OBJC_ARC = YES;
				CLANG_ENABLE_OBJC_WEAK = YES;
				CLANG_WARN_BLOCK_CAPTURE_AUTORELEASING = YES;
				CLANG_WARN_BOOL_CONVERSION = YES;
				CLANG_WARN_COMMA = YES;
				CLANG_WARN_CONSTANT_CONVERSION = YES;
				CLANG_WARN_DEPRECATED_OBJC_IMPLEMENTATIONS = YES;
				CLANG_WARN_DIRECT_OBJC_ISA_USAGE = YES_ERROR;
				CLANG_WARN_DOCUMENTATION_COMMENTS = YES;
				CLANG_WARN_EMPTY_BODY = YES;
				CLANG_WARN_ENUM_CONVERSION = YES;
				CLANG_WARN_INFINITE_RECURSION = YES;
				CLANG_WARN_INT_CONVERSION = YES;
				CLANG_WARN_NON_LITERAL_NULL_CONVERSION = YES;
				CLANG_WARN_OBJC_IMPLICIT_RETAIN_SELF = YES;
				CLANG_WARN_OBJC_LITERAL_CONVERSION = YES;
				CLANG_WARN_OBJC_ROOT_CLASS = YES_ERROR;
				CLANG_WARN_QUOTED_INCLUDE_IN_FRAMEWORK_HEADER = YES;
				CLANG_WARN_RANGE_LOOP_ANALYSIS = YES;
				CLANG_WARN_STRICT_PROTOTYPES = YES;
				CLANG_WARN_SUSPICIOUS_MOVE = YES;
				CLANG_WARN_UNGUARDED_AVAILABILITY = YES_AGGRESSIVE;
				CLANG_WARN_UNREACHABLE_CODE = YES;
				CLANG_WARN__DUPLICATE_METHOD_MATCH = YES;
				COPY_PHASE_STRIP = NO;
				DEBUG_INFORMATION_FORMAT = "dwarf-with-dsym";
				ENABLE_NS_ASSERTIONS = NO;
				ENABLE_STRICT_OBJC_MSGSEND = YES;
				ENABLE_USER_SCRIPT_SANDBOXING = YES;
				GCC_C_LANGUAGE_STANDARD = gnu17;
				GCC_NO_COMMON_BLOCKS = YES;
				GCC_WARN_64_TO_32_BIT_CONVERSION = YES;
				GCC_WARN_ABOUT_RETURN_TYPE = YES_ERROR;
				GCC_WARN_UNDECLARED_SELECTOR = YES;
				GCC_WARN_UNINITIALIZED_AUTOS = YES_AGGRESSIVE;
				GCC_WARN_UNUSED_FUNCTION = YES;
				GCC_WARN_UNUSED_VARIABLE = YES;
				IPHONEOS_DEPLOYMENT_TARGET = 17.0;
				LOCALIZATION_PREFERS_STRING_CATALOGS = YES;
				MTL_ENABLE_DEBUG_INFO = NO;
				MTL_FAST_MATH = YES;
				SDKROOT = iphoneos;
				SWIFT_COMPILATION_MODE = wholemodule;
				VALIDATE_PRODUCT = YES;
			};
			name = Release;
		};
		A1AE14372C2934A8007761E3 /* Debug */ = {
			isa = XCBuildConfiguration;
			buildSettings = {
				ASSETCATALOG_COMPILER_APPICON_NAME = AppIcon;
				ASSETCATALOG_COMPILER_GLOBAL_ACCENT_COLOR_NAME = AccentColor;
				CODE_SIGN_STYLE = Automatic;
				CURRENT_PROJECT_VERSION = 1;
				DEVELOPMENT_ASSET_PATHS = "\"Loan Management Swift/Preview Content\"";
				DEVELOPMENT_TEAM = TRT66C4U5G;
				ENABLE_PREVIEWS = YES;
				GENERATE_INFOPLIST_FILE = YES;
				INFOPLIST_KEY_UIApplicationSceneManifest_Generation = YES;
				INFOPLIST_KEY_UIApplicationSupportsIndirectInputEvents = YES;
				INFOPLIST_KEY_UILaunchScreen_Generation = YES;
				INFOPLIST_KEY_UISupportedInterfaceOrientations_iPad = "UIInterfaceOrientationPortrait UIInterfaceOrientationPortraitUpsideDown UIInterfaceOrientationLandscapeLeft UIInterfaceOrientationLandscapeRight";
				INFOPLIST_KEY_UISupportedInterfaceOrientations_iPhone = "UIInterfaceOrientationPortrait UIInterfaceOrientationLandscapeLeft UIInterfaceOrientationLandscapeRight";
				LD_RUNPATH_SEARCH_PATHS = (
					"$(inherited)",
					"@executable_path/Frameworks",
				);
				MARKETING_VERSION = 1.0;
				PRODUCT_BUNDLE_IDENTIFIER = "com.alfyu.Loan-Management-Swift";
				PRODUCT_NAME = "$(TARGET_NAME)";
				SWIFT_EMIT_LOC_STRINGS = YES;
				SWIFT_VERSION = 5.0;
				TARGETED_DEVICE_FAMILY = "1,2";
			};
			name = Debug;
		};
		A1AE14382C2934A8007761E3 /* Release */ = {
			isa = XCBuildConfiguration;
			buildSettings = {
				ASSETCATALOG_COMPILER_APPICON_NAME = AppIcon;
				ASSETCATALOG_COMPILER_GLOBAL_ACCENT_COLOR_NAME = AccentColor;
				CODE_SIGN_STYLE = Automatic;
				CURRENT_PROJECT_VERSION = 1;
				DEVELOPMENT_ASSET_PATHS = "\"Loan Management Swift/Preview Content\"";
				DEVELOPMENT_TEAM = TRT66C4U5G;
				ENABLE_PREVIEWS = YES;
				GENERATE_INFOPLIST_FILE = YES;
				INFOPLIST_KEY_UIApplicationSceneManifest_Generation = YES;
				INFOPLIST_KEY_UIApplicationSupportsIndirectInputEvents = YES;
				INFOPLIST_KEY_UILaunchScreen_Generation = YES;
				INFOPLIST_KEY_UISupportedInterfaceOrientations_iPad = "UIInterfaceOrientationPortrait UIInterfaceOrientationPortraitUpsideDown UIInterfaceOrientationLandscapeLeft UIInterfaceOrientationLandscapeRight";
				INFOPLIST_KEY_UISupportedInterfaceOrientations_iPhone = "UIInterfaceOrientationPortrait UIInterfaceOrientationLandscapeLeft UIInterfaceOrientationLandscapeRight";
				LD_RUNPATH_SEARCH_PATHS = (
					"$(inherited)",
					"@executable_path/Frameworks",
				);
				MARKETING_VERSION = 1.0;
				PRODUCT_BUNDLE_IDENTIFIER = "com.alfyu.Loan-Management-Swift";
				PRODUCT_NAME = "$(TARGET_NAME)";
				SWIFT_EMIT_LOC_STRINGS = YES;
				SWIFT_VERSION = 5.0;
				TARGETED_DEVICE_FAMILY = "1,2";
			};
			name = Release;
		};
/* End XCBuildConfiguration section */

/* Begin XCConfigurationList section */
		A1AE14232C2934A6007761E3 /* Build configuration list for PBXProject "Loan Management Swift" */ = {
			isa = XCConfigurationList;
			buildConfigurations = (
				A1AE14342C2934A8007761E3 /* Debug */,
				A1AE14352C2934A8007761E3 /* Release */,
			);
			defaultConfigurationIsVisible = 0;
			defaultConfigurationName = Release;
		};
		A1AE14362C2934A8007761E3 /* Build configuration list for PBXNativeTarget "Loan Management Swift" */ = {
			isa = XCConfigurationList;
			buildConfigurations = (
				A1AE14372C2934A8007761E3 /* Debug */,
				A1AE14382C2934A8007761E3 /* Release */,
			);
			defaultConfigurationIsVisible = 0;
			defaultConfigurationName = Release;
		};
/* End XCConfigurationList section */
	};
	rootObject = A1AE14202C2934A6007761E3 /* Project object */;
}
